
Microsoft Visual Studio Solution File, Format Version 12.00
# Visual Studio Version 17
VisualStudioVersion = 17.3.32929.385
MinimumVisualStudioVersion = 10.0.40219.1
Project("{FAE04EC0-301F-11D3-BF4B-00C04F79EFBC}") = "BarcodeAppDemo", "BarcodeAppDemo.csproj", "{8F04C619-91CA-4ED9-B12D-93494AD752CF}"
EndProject
Global
	GlobalSection(SolutionConfigurationPlatforms) = preSolution
		Debug|Any CPU = Debug|Any CPU
		Release|Any CPU = Release|Any CPU
	EndGlobalSection
	GlobalSection(ProjectConfigurationPlatforms) = postSolution
		{8F04C619-91CA-4ED9-B12D-93494AD752CF}.Debug|Any CPU.ActiveCfg = Debug|Any CPU
		{8F04C619-91CA-4ED9-B12D-93494AD752CF}.Debug|Any CPU.Build.0 = Debug|Any CPU
		{8F04C619-91CA-4ED9-B12D-93494AD752CF}.Release|Any CPU.ActiveCfg = Release|Any CPU
		{8F04C619-91CA-4ED9-B12D-93494AD752CF}.Release|Any CPU.Build.0 = Release|Any CPU
	EndGlobalSection
	GlobalSection(SolutionProperties) = preSolution
		HideSolutionNode = FALSE
	EndGlobalSection
	GlobalSection(ExtensibilityGlobals) = postSolution
		SolutionGuid = {2823E90C-CF54-4977-8943-54C8A7068CB8}
	EndGlobalSection
EndGlobal
